
Microsoft Visual Studio Solution File, Format Version 12.00
# Visual Studio 15
VisualStudioVersion = 15.0.27703.2026
MinimumVisualStudioVersion = 10.0.40219.1
Project("{F184B08F-C81C-45F6-A57F-5ABD9991F28F}") = "BeatTheBrain", "BeatTheBrain\BeatTheBrain.vbproj", "{9A0E7C57-89D0-41C0-8C24-8E8D0E8A607F}"
EndProject
Global
	GlobalSection(SolutionConfigurationPlatforms) = preSolution
		Debug|Any CPU = Debug|Any CPU
		Release|Any CPU = Release|Any CPU
	EndGlobalSection
	GlobalSection(ProjectConfigurationPlatforms) = postSolution
		{9A0E7C57-89D0-41C0-8C24-8E8D0E8A607F}.Debug|Any CPU.ActiveCfg = Debug|Any CPU
		{9A0E7C57-89D0-41C0-8C24-8E8D0E8A607F}.Debug|Any CPU.Build.0 = Debug|Any CPU
		{9A0E7C57-89D0-41C0-8C24-8E8D0E8A607F}.Release|Any CPU.ActiveCfg = Release|Any CPU
		{9A0E7C57-89D0-41C0-8C24-8E8D0E8A607F}.Release|Any CPU.Build.0 = Release|Any CPU
	EndGlobalSection
	GlobalSection(SolutionProperties) = preSolution
		HideSolutionNode = FALSE
	EndGlobalSection
	GlobalSection(ExtensibilityGlobals) = postSolution
		SolutionGuid = {21E4628B-0E27-4412-BB31-856C868F5805}
	EndGlobalSection
EndGlobal
